
Microsoft Visual Studio Solution File, Format Version 12.00
# Visual Studio 15
VisualStudioVersion = 15.0.28307.106
MinimumVisualStudioVersion = 10.0.40219.1
Project("{8BC9CEB8-8B4A-11D0-8D11-00A0C91BC942}") = "OOPA_Les1_v4", "OOPA_Les1_v4\OOPA_Les1_v4.vcxproj", "{FB374D6F-0D1B-4FDA-9EEC-9F3EAB989202}"
EndProject
Global
	GlobalSection(SolutionConfigurationPlatforms) = preSolution
		Debug|x64 = Debug|x64
		Debug|x86 = Debug|x86
		Release|x64 = Release|x64
		Release|x86 = Release|x86
	EndGlobalSection
	GlobalSection(ProjectConfigurationPlatforms) = postSolution
		{FB374D6F-0D1B-4FDA-9EEC-9F3EAB989202}.Debug|x64.ActiveCfg = Debug|x64
		{FB374D6F-0D1B-4FDA-9EEC-9F3EAB989202}.Debug|x64.Build.0 = Debug|x64
		{FB374D6F-0D1B-4FDA-9EEC-9F3EAB989202}.Debug|x86.ActiveCfg = Debug|Win32
		{FB374D6F-0D1B-4FDA-9EEC-9F3EAB989202}.Debug|x86.Build.0 = Debug|Win32
		{FB374D6F-0D1B-4FDA-9EEC-9F3EAB989202}.Release|x64.ActiveCfg = Release|x64
		{FB374D6F-0D1B-4FDA-9EEC-9F3EAB989202}.Release|x64.Build.0 = Release|x64
		{FB374D6F-0D1B-4FDA-9EEC-9F3EAB989202}.Release|x86.ActiveCfg = Release|Win32
		{FB374D6F-0D1B-4FDA-9EEC-9F3EAB989202}.Release|x86.Build.0 = Release|Win32
	EndGlobalSection
	GlobalSection(SolutionProperties) = preSolution
		HideSolutionNode = FALSE
	EndGlobalSection
	GlobalSection(ExtensibilityGlobals) = postSolution
		SolutionGuid = {64E80105-9526-45D3-A166-99AA29B75DC1}
	EndGlobalSection
EndGlobal
